
Microsoft Visual Studio Solution File, Format Version 12.00
# Visual Studio 15
VisualStudioVersion = 15.0.26730.15
MinimumVisualStudioVersion = 10.0.40219.1
Project("{FAE04EC0-301F-11D3-BF4B-00C04F79EFBC}") = "SearchFight", "SearchFight\SearchFight.csproj", "{CAD9FAD4-F2FB-4319-AEA7-EF152558FD83}"
EndProject
Global
	GlobalSection(SolutionConfigurationPlatforms) = preSolution
		Debug|Any CPU = Debug|Any CPU
		Release|Any CPU = Release|Any CPU
	EndGlobalSection
	GlobalSection(ProjectConfigurationPlatforms) = postSolution
		{CAD9FAD4-F2FB-4319-AEA7-EF152558FD83}.Debug|Any CPU.ActiveCfg = Debug|Any CPU
		{CAD9FAD4-F2FB-4319-AEA7-EF152558FD83}.Debug|Any CPU.Build.0 = Debug|Any CPU
		{CAD9FAD4-F2FB-4319-AEA7-EF152558FD83}.Release|Any CPU.ActiveCfg = Release|Any CPU
		{CAD9FAD4-F2FB-4319-AEA7-EF152558FD83}.Release|Any CPU.Build.0 = Release|Any CPU
	EndGlobalSection
	GlobalSection(SolutionProperties) = preSolution
		HideSolutionNode = FALSE
	EndGlobalSection
	GlobalSection(ExtensibilityGlobals) = postSolution
		SolutionGuid = {22D775F5-5148-4273-87A2-B5FFB66D537D}
	EndGlobalSection
EndGlobal
